
Microsoft Visual Studio Solution File, Format Version 12.00
# Visual Studio 14
VisualStudioVersion = 14.0.25420.1
MinimumVisualStudioVersion = 10.0.40219.1
Project("{FAE04EC0-301F-11D3-BF4B-00C04F79EFBC}") = "DotnetBlinking", "DotnetBlinking\DotnetBlinking.csproj", "{411BB772-DEE9-4504-85DB-3FF2284BA270}"
EndProject
Project("{FAE04EC0-301F-11D3-BF4B-00C04F79EFBC}") = "FirmataApp", "FirmataApp\FirmataApp.csproj", "{E6147507-4549-4B50-8C86-E1994B2886FC}"
EndProject
Project("{2150E333-8FDC-42A3-9474-1A3956D46DE8}") = "Solution Items", "Solution Items", "{A19F02DB-BD4B-47E0-A6B5-A8B04431C80F}"
	ProjectSection(SolutionItems) = preProject
		..\SolidSoils4Arduino\Solid.Arduino.dll = ..\SolidSoils4Arduino\Solid.Arduino.dll
	EndProjectSection
EndProject
Project("{FAE04EC0-301F-11D3-BF4B-00C04F79EFBC}") = "DotnetDHT", "DotnetDHT\DotnetDHT.csproj", "{DD70A1C9-7C3E-4589-9B35-4B16CC8E6B22}"
EndProject
Project("{FAE04EC0-301F-11D3-BF4B-00C04F79EFBC}") = "RGBControlApp", "RGBControlApp\RGBControlApp.csproj", "{62EDA476-91C9-4099-8599-1CDC811D3C9F}"
EndProject
Project("{FAE04EC0-301F-11D3-BF4B-00C04F79EFBC}") = "BlinkingLed", "BlinkingLed\BlinkingLed.csproj", "{8E4D6E32-77E6-4173-BB43-758DC5951C48}"
EndProject
Project("{FAE04EC0-301F-11D3-BF4B-00C04F79EFBC}") = "RGBDemo", "RGBDemo\RGBDemo.csproj", "{9548CD0E-7C3E-4EEE-933A-27B1630CBCEC}"
EndProject
Project("{FAE04EC0-301F-11D3-BF4B-00C04F79EFBC}") = "I2CDemo", "I2CDemo\I2CDemo.csproj", "{4E252911-B2E4-452D-A6B5-A69BC513E89B}"
EndProject
Project("{FAE04EC0-301F-11D3-BF4B-00C04F79EFBC}") = "BlinkingLedBL", "BlinkingLedBL\BlinkingLedBL.csproj", "{30E06338-D227-45D8-A56D-F91B8EA3B919}"
EndProject
Project("{FAE04EC0-301F-11D3-BF4B-00C04F79EFBC}") = "WiFiLed", "WiFiLed\WiFiLed.csproj", "{DBF1F966-31D9-40E1-9AD4-06C2F55B4F78}"
EndProject
Project("{FAE04EC0-301F-11D3-BF4B-00C04F79EFBC}") = "WiFiWRA", "WiFiWRA\WiFiWRA.csproj", "{DD2BF4F3-4B86-4D0C-B894-9C4742C76AA9}"
EndProject
Project("{FAE04EC0-301F-11D3-BF4B-00C04F79EFBC}") = "XBeeApp", "XBeeApp\XBeeApp.csproj", "{C32B95C9-65AD-42DA-BE2D-5608C7F82E0A}"
EndProject
Global
	GlobalSection(SolutionConfigurationPlatforms) = preSolution
		Debug|Any CPU = Debug|Any CPU
		Debug|ARM = Debug|ARM
		Debug|x64 = Debug|x64
		Debug|x86 = Debug|x86
		Release|Any CPU = Release|Any CPU
		Release|ARM = Release|ARM
		Release|x64 = Release|x64
		Release|x86 = Release|x86
	EndGlobalSection
	GlobalSection(ProjectConfigurationPlatforms) = postSolution
		{411BB772-DEE9-4504-85DB-3FF2284BA270}.Debug|Any CPU.ActiveCfg = Debug|Any CPU
		{411BB772-DEE9-4504-85DB-3FF2284BA270}.Debug|Any CPU.Build.0 = Debug|Any CPU
		{411BB772-DEE9-4504-85DB-3FF2284BA270}.Debug|ARM.ActiveCfg = Debug|Any CPU
		{411BB772-DEE9-4504-85DB-3FF2284BA270}.Debug|ARM.Build.0 = Debug|Any CPU
		{411BB772-DEE9-4504-85DB-3FF2284BA270}.Debug|x64.ActiveCfg = Debug|Any CPU
		{411BB772-DEE9-4504-85DB-3FF2284BA270}.Debug|x64.Build.0 = Debug|Any CPU
		{411BB772-DEE9-4504-85DB-3FF2284BA270}.Debug|x86.ActiveCfg = Debug|Any CPU
		{411BB772-DEE9-4504-85DB-3FF2284BA270}.Debug|x86.Build.0 = Debug|Any CPU
		{411BB772-DEE9-4504-85DB-3FF2284BA270}.Release|Any CPU.ActiveCfg = Release|Any CPU
		{411BB772-DEE9-4504-85DB-3FF2284BA270}.Release|Any CPU.Build.0 = Release|Any CPU
		{411BB772-DEE9-4504-85DB-3FF2284BA270}.Release|ARM.ActiveCfg = Release|Any CPU
		{411BB772-DEE9-4504-85DB-3FF2284BA270}.Release|ARM.Build.0 = Release|Any CPU
		{411BB772-DEE9-4504-85DB-3FF2284BA270}.Release|x64.ActiveCfg = Release|Any CPU
		{411BB772-DEE9-4504-85DB-3FF2284BA270}.Release|x64.Build.0 = Release|Any CPU
		{411BB772-DEE9-4504-85DB-3FF2284BA270}.Release|x86.ActiveCfg = Release|Any CPU
		{411BB772-DEE9-4504-85DB-3FF2284BA270}.Release|x86.Build.0 = Release|Any CPU
		{E6147507-4549-4B50-8C86-E1994B2886FC}.Debug|Any CPU.ActiveCfg = Debug|Any CPU
		{E6147507-4549-4B50-8C86-E1994B2886FC}.Debug|Any CPU.Build.0 = Debug|Any CPU
		{E6147507-4549-4B50-8C86-E1994B2886FC}.Debug|ARM.ActiveCfg = Debug|Any CPU
		{E6147507-4549-4B50-8C86-E1994B2886FC}.Debug|ARM.Build.0 = Debug|Any CPU
		{E6147507-4549-4B50-8C86-E1994B2886FC}.Debug|x64.ActiveCfg = Debug|Any CPU
		{E6147507-4549-4B50-8C86-E1994B2886FC}.Debug|x64.Build.0 = Debug|Any CPU
		{E6147507-4549-4B50-8C86-E1994B2886FC}.Debug|x86.ActiveCfg = Debug|Any CPU
		{E6147507-4549-4B50-8C86-E1994B2886FC}.Debug|x86.Build.0 = Debug|Any CPU
		{E6147507-4549-4B50-8C86-E1994B2886FC}.Release|Any CPU.ActiveCfg = Release|Any CPU
		{E6147507-4549-4B50-8C86-E1994B2886FC}.Release|Any CPU.Build.0 = Release|Any CPU
		{E6147507-4549-4B50-8C86-E1994B2886FC}.Release|ARM.ActiveCfg = Release|Any CPU
		{E6147507-4549-4B50-8C86-E1994B2886FC}.Release|ARM.Build.0 = Release|Any CPU
		{E6147507-4549-4B50-8C86-E1994B2886FC}.Release|x64.ActiveCfg = Release|Any CPU
		{E6147507-4549-4B50-8C86-E1994B2886FC}.Release|x64.Build.0 = Release|Any CPU
		{E6147507-4549-4B50-8C86-E1994B2886FC}.Release|x86.ActiveCfg = Release|Any CPU
		{E6147507-4549-4B50-8C86-E1994B2886FC}.Release|x86.Build.0 = Release|Any CPU
		{DD70A1C9-7C3E-4589-9B35-4B16CC8E6B22}.Debug|Any CPU.ActiveCfg = Debug|Any CPU
		{DD70A1C9-7C3E-4589-9B35-4B16CC8E6B22}.Debug|Any CPU.Build.0 = Debug|Any CPU
		{DD70A1C9-7C3E-4589-9B35-4B16CC8E6B22}.Debug|ARM.ActiveCfg = Debug|Any CPU
		{DD70A1C9-7C3E-4589-9B35-4B16CC8E6B22}.Debug|ARM.Build.0 = Debug|Any CPU
		{DD70A1C9-7C3E-4589-9B35-4B16CC8E6B22}.Debug|x64.ActiveCfg = Debug|Any CPU
		{DD70A1C9-7C3E-4589-9B35-4B16CC8E6B22}.Debug|x64.Build.0 = Debug|Any CPU
		{DD70A1C9-7C3E-4589-9B35-4B16CC8E6B22}.Debug|x86.ActiveCfg = Debug|Any CPU
		{DD70A1C9-7C3E-4589-9B35-4B16CC8E6B22}.Debug|x86.Build.0 = Debug|Any CPU
		{DD70A1C9-7C3E-4589-9B35-4B16CC8E6B22}.Release|Any CPU.ActiveCfg = Release|Any CPU
		{DD70A1C9-7C3E-4589-9B35-4B16CC8E6B22}.Release|Any CPU.Build.0 = Release|Any CPU
		{DD70A1C9-7C3E-4589-9B35-4B16CC8E6B22}.Release|ARM.ActiveCfg = Release|Any CPU
		{DD70A1C9-7C3E-4589-9B35-4B16CC8E6B22}.Release|ARM.Build.0 = Release|Any CPU
		{DD70A1C9-7C3E-4589-9B35-4B16CC8E6B22}.Release|x64.ActiveCfg = Release|Any CPU
		{DD70A1C9-7C3E-4589-9B35-4B16CC8E6B22}.Release|x64.Build.0 = Release|Any CPU
		{DD70A1C9-7C3E-4589-9B35-4B16CC8E6B22}.Release|x86.ActiveCfg = Release|Any CPU
		{DD70A1C9-7C3E-4589-9B35-4B16CC8E6B22}.Release|x86.Build.0 = Release|Any CPU
		{62EDA476-91C9-4099-8599-1CDC811D3C9F}.Debug|Any CPU.ActiveCfg = Debug|Any CPU
		{62EDA476-91C9-4099-8599-1CDC811D3C9F}.Debug|Any CPU.Build.0 = Debug|Any CPU
		{62EDA476-91C9-4099-8599-1CDC811D3C9F}.Debug|ARM.ActiveCfg = Debug|Any CPU
		{62EDA476-91C9-4099-8599-1CDC811D3C9F}.Debug|ARM.Build.0 = Debug|Any CPU
		{62EDA476-91C9-4099-8599-1CDC811D3C9F}.Debug|x64.ActiveCfg = Debug|Any CPU
		{62EDA476-91C9-4099-8599-1CDC811D3C9F}.Debug|x64.Build.0 = Debug|Any CPU
		{62EDA476-91C9-4099-8599-1CDC811D3C9F}.Debug|x86.ActiveCfg = Debug|Any CPU
		{62EDA476-91C9-4099-8599-1CDC811D3C9F}.Debug|x86.Build.0 = Debug|Any CPU
		{62EDA476-91C9-4099-8599-1CDC811D3C9F}.Release|Any CPU.ActiveCfg = Release|Any CPU
		{62EDA476-91C9-4099-8599-1CDC811D3C9F}.Release|Any CPU.Build.0 = Release|Any CPU
		{62EDA476-91C9-4099-8599-1CDC811D3C9F}.Release|ARM.ActiveCfg = Release|Any CPU
		{62EDA476-91C9-4099-8599-1CDC811D3C9F}.Release|ARM.Build.0 = Release|Any CPU
		{62EDA476-91C9-4099-8599-1CDC811D3C9F}.Release|x64.ActiveCfg = Release|Any CPU
		{62EDA476-91C9-4099-8599-1CDC811D3C9F}.Release|x64.Build.0 = Release|Any CPU
		{62EDA476-91C9-4099-8599-1CDC811D3C9F}.Release|x86.ActiveCfg = Release|Any CPU
		{62EDA476-91C9-4099-8599-1CDC811D3C9F}.Release|x86.Build.0 = Release|Any CPU
		{8E4D6E32-77E6-4173-BB43-758DC5951C48}.Debug|Any CPU.ActiveCfg = Debug|x86
		{8E4D6E32-77E6-4173-BB43-758DC5951C48}.Debug|ARM.ActiveCfg = Debug|ARM
		{8E4D6E32-77E6-4173-BB43-758DC5951C48}.Debug|ARM.Build.0 = Debug|ARM
		{8E4D6E32-77E6-4173-BB43-758DC5951C48}.Debug|ARM.Deploy.0 = Debug|ARM
		{8E4D6E32-77E6-4173-BB43-758DC5951C48}.Debug|x64.ActiveCfg = Debug|x64
		{8E4D6E32-77E6-4173-BB43-758DC5951C48}.Debug|x64.Build.0 = Debug|x64
		{8E4D6E32-77E6-4173-BB43-758DC5951C48}.Debug|x64.Deploy.0 = Debug|x64
		{8E4D6E32-77E6-4173-BB43-758DC5951C48}.Debug|x86.ActiveCfg = Debug|x86
		{8E4D6E32-77E6-4173-BB43-758DC5951C48}.Debug|x86.Build.0 = Debug|x86
		{8E4D6E32-77E6-4173-BB43-758DC5951C48}.Debug|x86.Deploy.0 = Debug|x86
		{8E4D6E32-77E6-4173-BB43-758DC5951C48}.Release|Any CPU.ActiveCfg = Release|x86
		{8E4D6E32-77E6-4173-BB43-758DC5951C48}.Release|ARM.ActiveCfg = Release|ARM
		{8E4D6E32-77E6-4173-BB43-758DC5951C48}.Release|ARM.Build.0 = Release|ARM
		{8E4D6E32-77E6-4173-BB43-758DC5951C48}.Release|ARM.Deploy.0 = Release|ARM
		{8E4D6E32-77E6-4173-BB43-758DC5951C48}.Release|x64.ActiveCfg = Release|x64
		{8E4D6E32-77E6-4173-BB43-758DC5951C48}.Release|x64.Build.0 = Release|x64
		{8E4D6E32-77E6-4173-BB43-758DC5951C48}.Release|x64.Deploy.0 = Release|x64
		{8E4D6E32-77E6-4173-BB43-758DC5951C48}.Release|x86.ActiveCfg = Release|x86
		{8E4D6E32-77E6-4173-BB43-758DC5951C48}.Release|x86.Build.0 = Release|x86
		{8E4D6E32-77E6-4173-BB43-758DC5951C48}.Release|x86.Deploy.0 = Release|x86
		{9548CD0E-7C3E-4EEE-933A-27B1630CBCEC}.Debug|Any CPU.ActiveCfg = Debug|x86
		{9548CD0E-7C3E-4EEE-933A-27B1630CBCEC}.Debug|ARM.ActiveCfg = Debug|ARM
		{9548CD0E-7C3E-4EEE-933A-27B1630CBCEC}.Debug|ARM.Build.0 = Debug|ARM
		{9548CD0E-7C3E-4EEE-933A-27B1630CBCEC}.Debug|ARM.Deploy.0 = Debug|ARM
		{9548CD0E-7C3E-4EEE-933A-27B1630CBCEC}.Debug|x64.ActiveCfg = Debug|x64
		{9548CD0E-7C3E-4EEE-933A-27B1630CBCEC}.Debug|x64.Build.0 = Debug|x64
		{9548CD0E-7C3E-4EEE-933A-27B1630CBCEC}.Debug|x64.Deploy.0 = Debug|x64
		{9548CD0E-7C3E-4EEE-933A-27B1630CBCEC}.Debug|x86.ActiveCfg = Debug|x86
		{9548CD0E-7C3E-4EEE-933A-27B1630CBCEC}.Debug|x86.Build.0 = Debug|x86
		{9548CD0E-7C3E-4EEE-933A-27B1630CBCEC}.Debug|x86.Deploy.0 = Debug|x86
		{9548CD0E-7C3E-4EEE-933A-27B1630CBCEC}.Release|Any CPU.ActiveCfg = Release|x86
		{9548CD0E-7C3E-4EEE-933A-27B1630CBCEC}.Release|ARM.ActiveCfg = Release|ARM
		{9548CD0E-7C3E-4EEE-933A-27B1630CBCEC}.Release|ARM.Build.0 = Release|ARM
		{9548CD0E-7C3E-4EEE-933A-27B1630CBCEC}.Release|ARM.Deploy.0 = Release|ARM
		{9548CD0E-7C3E-4EEE-933A-27B1630CBCEC}.Release|x64.ActiveCfg = Release|x64
		{9548CD0E-7C3E-4EEE-933A-27B1630CBCEC}.Release|x64.Build.0 = Release|x64
		{9548CD0E-7C3E-4EEE-933A-27B1630CBCEC}.Release|x64.Deploy.0 = Release|x64
		{9548CD0E-7C3E-4EEE-933A-27B1630CBCEC}.Release|x86.ActiveCfg = Release|x86
		{9548CD0E-7C3E-4EEE-933A-27B1630CBCEC}.Release|x86.Build.0 = Release|x86
		{9548CD0E-7C3E-4EEE-933A-27B1630CBCEC}.Release|x86.Deploy.0 = Release|x86
		{4E252911-B2E4-452D-A6B5-A69BC513E89B}.Debug|Any CPU.ActiveCfg = Debug|x86
		{4E252911-B2E4-452D-A6B5-A69BC513E89B}.Debug|ARM.ActiveCfg = Debug|ARM
		{4E252911-B2E4-452D-A6B5-A69BC513E89B}.Debug|ARM.Build.0 = Debug|ARM
		{4E252911-B2E4-452D-A6B5-A69BC513E89B}.Debug|ARM.Deploy.0 = Debug|ARM
		{4E252911-B2E4-452D-A6B5-A69BC513E89B}.Debug|x64.ActiveCfg = Debug|x64
		{4E252911-B2E4-452D-A6B5-A69BC513E89B}.Debug|x64.Build.0 = Debug|x64
		{4E252911-B2E4-452D-A6B5-A69BC513E89B}.Debug|x64.Deploy.0 = Debug|x64
		{4E252911-B2E4-452D-A6B5-A69BC513E89B}.Debug|x86.ActiveCfg = Debug|x86
		{4E252911-B2E4-452D-A6B5-A69BC513E89B}.Debug|x86.Build.0 = Debug|x86
		{4E252911-B2E4-452D-A6B5-A69BC513E89B}.Debug|x86.Deploy.0 = Debug|x86
		{4E252911-B2E4-452D-A6B5-A69BC513E89B}.Release|Any CPU.ActiveCfg = Release|x86
		{4E252911-B2E4-452D-A6B5-A69BC513E89B}.Release|ARM.ActiveCfg = Release|ARM
		{4E252911-B2E4-452D-A6B5-A69BC513E89B}.Release|ARM.Build.0 = Release|ARM
		{4E252911-B2E4-452D-A6B5-A69BC513E89B}.Release|ARM.Deploy.0 = Release|ARM
		{4E252911-B2E4-452D-A6B5-A69BC513E89B}.Release|x64.ActiveCfg = Release|x64
		{4E252911-B2E4-452D-A6B5-A69BC513E89B}.Release|x64.Build.0 = Release|x64
		{4E252911-B2E4-452D-A6B5-A69BC513E89B}.Release|x64.Deploy.0 = Release|x64
		{4E252911-B2E4-452D-A6B5-A69BC513E89B}.Release|x86.ActiveCfg = Release|x86
		{4E252911-B2E4-452D-A6B5-A69BC513E89B}.Release|x86.Build.0 = Release|x86
		{4E252911-B2E4-452D-A6B5-A69BC513E89B}.Release|x86.Deploy.0 = Release|x86
		{30E06338-D227-45D8-A56D-F91B8EA3B919}.Debug|Any CPU.ActiveCfg = Debug|x86
		{30E06338-D227-45D8-A56D-F91B8EA3B919}.Debug|ARM.ActiveCfg = Debug|ARM
		{30E06338-D227-45D8-A56D-F91B8EA3B919}.Debug|ARM.Build.0 = Debug|ARM
		{30E06338-D227-45D8-A56D-F91B8EA3B919}.Debug|ARM.Deploy.0 = Debug|ARM
		{30E06338-D227-45D8-A56D-F91B8EA3B919}.Debug|x64.ActiveCfg = Debug|x64
		{30E06338-D227-45D8-A56D-F91B8EA3B919}.Debug|x64.Build.0 = Debug|x64
		{30E06338-D227-45D8-A56D-F91B8EA3B919}.Debug|x64.Deploy.0 = Debug|x64
		{30E06338-D227-45D8-A56D-F91B8EA3B919}.Debug|x86.ActiveCfg = Debug|x86
		{30E06338-D227-45D8-A56D-F91B8EA3B919}.Debug|x86.Build.0 = Debug|x86
		{30E06338-D227-45D8-A56D-F91B8EA3B919}.Debug|x86.Deploy.0 = Debug|x86
		{30E06338-D227-45D8-A56D-F91B8EA3B919}.Release|Any CPU.ActiveCfg = Release|x86
		{30E06338-D227-45D8-A56D-F91B8EA3B919}.Release|ARM.ActiveCfg = Release|ARM
		{30E06338-D227-45D8-A56D-F91B8EA3B919}.Release|ARM.Build.0 = Release|ARM
		{30E06338-D227-45D8-A56D-F91B8EA3B919}.Release|ARM.Deploy.0 = Release|ARM
		{30E06338-D227-45D8-A56D-F91B8EA3B919}.Release|x64.ActiveCfg = Release|x64
		{30E06338-D227-45D8-A56D-F91B8EA3B919}.Release|x64.Build.0 = Release|x64
		{30E06338-D227-45D8-A56D-F91B8EA3B919}.Release|x64.Deploy.0 = Release|x64
		{30E06338-D227-45D8-A56D-F91B8EA3B919}.Release|x86.ActiveCfg = Release|x86
		{30E06338-D227-45D8-A56D-F91B8EA3B919}.Release|x86.Build.0 = Release|x86
		{30E06338-D227-45D8-A56D-F91B8EA3B919}.Release|x86.Deploy.0 = Release|x86
		{DBF1F966-31D9-40E1-9AD4-06C2F55B4F78}.Debug|Any CPU.ActiveCfg = Debug|x86
		{DBF1F966-31D9-40E1-9AD4-06C2F55B4F78}.Debug|ARM.ActiveCfg = Debug|ARM
		{DBF1F966-31D9-40E1-9AD4-06C2F55B4F78}.Debug|ARM.Build.0 = Debug|ARM
		{DBF1F966-31D9-40E1-9AD4-06C2F55B4F78}.Debug|ARM.Deploy.0 = Debug|ARM
		{DBF1F966-31D9-40E1-9AD4-06C2F55B4F78}.Debug|x64.ActiveCfg = Debug|x64
		{DBF1F966-31D9-40E1-9AD4-06C2F55B4F78}.Debug|x64.Build.0 = Debug|x64
		{DBF1F966-31D9-40E1-9AD4-06C2F55B4F78}.Debug|x64.Deploy.0 = Debug|x64
		{DBF1F966-31D9-40E1-9AD4-06C2F55B4F78}.Debug|x86.ActiveCfg = Debug|x86
		{DBF1F966-31D9-40E1-9AD4-06C2F55B4F78}.Debug|x86.Build.0 = Debug|x86
		{DBF1F966-31D9-40E1-9AD4-06C2F55B4F78}.Debug|x86.Deploy.0 = Debug|x86
		{DBF1F966-31D9-40E1-9AD4-06C2F55B4F78}.Release|Any CPU.ActiveCfg = Release|x86
		{DBF1F966-31D9-40E1-9AD4-06C2F55B4F78}.Release|ARM.ActiveCfg = Release|ARM
		{DBF1F966-31D9-40E1-9AD4-06C2F55B4F78}.Release|ARM.Build.0 = Release|ARM
		{DBF1F966-31D9-40E1-9AD4-06C2F55B4F78}.Release|ARM.Deploy.0 = Release|ARM
		{DBF1F966-31D9-40E1-9AD4-06C2F55B4F78}.Release|x64.ActiveCfg = Release|x64
		{DBF1F966-31D9-40E1-9AD4-06C2F55B4F78}.Release|x64.Build.0 = Release|x64
		{DBF1F966-31D9-40E1-9AD4-06C2F55B4F78}.Release|x64.Deploy.0 = Release|x64
		{DBF1F966-31D9-40E1-9AD4-06C2F55B4F78}.Release|x86.ActiveCfg = Release|x86
		{DBF1F966-31D9-40E1-9AD4-06C2F55B4F78}.Release|x86.Build.0 = Release|x86
		{DBF1F966-31D9-40E1-9AD4-06C2F55B4F78}.Release|x86.Deploy.0 = Release|x86
		{DD2BF4F3-4B86-4D0C-B894-9C4742C76AA9}.Debug|Any CPU.ActiveCfg = Debug|x86
		{DD2BF4F3-4B86-4D0C-B894-9C4742C76AA9}.Debug|ARM.ActiveCfg = Debug|ARM
		{DD2BF4F3-4B86-4D0C-B894-9C4742C76AA9}.Debug|ARM.Build.0 = Debug|ARM
		{DD2BF4F3-4B86-4D0C-B894-9C4742C76AA9}.Debug|ARM.Deploy.0 = Debug|ARM
		{DD2BF4F3-4B86-4D0C-B894-9C4742C76AA9}.Debug|x64.ActiveCfg = Debug|x64
		{DD2BF4F3-4B86-4D0C-B894-9C4742C76AA9}.Debug|x64.Build.0 = Debug|x64
		{DD2BF4F3-4B86-4D0C-B894-9C4742C76AA9}.Debug|x64.Deploy.0 = Debug|x64
		{DD2BF4F3-4B86-4D0C-B894-9C4742C76AA9}.Debug|x86.ActiveCfg = Debug|x86
		{DD2BF4F3-4B86-4D0C-B894-9C4742C76AA9}.Debug|x86.Build.0 = Debug|x86
		{DD2BF4F3-4B86-4D0C-B894-9C4742C76AA9}.Debug|x86.Deploy.0 = Debug|x86
		{DD2BF4F3-4B86-4D0C-B894-9C4742C76AA9}.Release|Any CPU.ActiveCfg = Release|x86
		{DD2BF4F3-4B86-4D0C-B894-9C4742C76AA9}.Release|ARM.ActiveCfg = Release|ARM
		{DD2BF4F3-4B86-4D0C-B894-9C4742C76AA9}.Release|ARM.Build.0 = Release|ARM
		{DD2BF4F3-4B86-4D0C-B894-9C4742C76AA9}.Release|ARM.Deploy.0 = Release|ARM
		{DD2BF4F3-4B86-4D0C-B894-9C4742C76AA9}.Release|x64.ActiveCfg = Release|x64
		{DD2BF4F3-4B86-4D0C-B894-9C4742C76AA9}.Release|x64.Build.0 = Release|x64
		{DD2BF4F3-4B86-4D0C-B894-9C4742C76AA9}.Release|x64.Deploy.0 = Release|x64
		{DD2BF4F3-4B86-4D0C-B894-9C4742C76AA9}.Release|x86.ActiveCfg = Release|x86
		{DD2BF4F3-4B86-4D0C-B894-9C4742C76AA9}.Release|x86.Build.0 = Release|x86
		{DD2BF4F3-4B86-4D0C-B894-9C4742C76AA9}.Release|x86.Deploy.0 = Release|x86
		{C32B95C9-65AD-42DA-BE2D-5608C7F82E0A}.Debug|Any CPU.ActiveCfg = Debug|x86
		{C32B95C9-65AD-42DA-BE2D-5608C7F82E0A}.Debug|ARM.ActiveCfg = Debug|ARM
		{C32B95C9-65AD-42DA-BE2D-5608C7F82E0A}.Debug|ARM.Build.0 = Debug|ARM
		{C32B95C9-65AD-42DA-BE2D-5608C7F82E0A}.Debug|ARM.Deploy.0 = Debug|ARM
		{C32B95C9-65AD-42DA-BE2D-5608C7F82E0A}.Debug|x64.ActiveCfg = Debug|x64
		{C32B95C9-65AD-42DA-BE2D-5608C7F82E0A}.Debug|x64.Build.0 = Debug|x64
		{C32B95C9-65AD-42DA-BE2D-5608C7F82E0A}.Debug|x64.Deploy.0 = Debug|x64
		{C32B95C9-65AD-42DA-BE2D-5608C7F82E0A}.Debug|x86.ActiveCfg = Debug|x86
		{C32B95C9-65AD-42DA-BE2D-5608C7F82E0A}.Debug|x86.Build.0 = Debug|x86
		{C32B95C9-65AD-42DA-BE2D-5608C7F82E0A}.Debug|x86.Deploy.0 = Debug|x86
		{C32B95C9-65AD-42DA-BE2D-5608C7F82E0A}.Release|Any CPU.ActiveCfg = Release|x86
		{C32B95C9-65AD-42DA-BE2D-5608C7F82E0A}.Release|ARM.ActiveCfg = Release|ARM
		{C32B95C9-65AD-42DA-BE2D-5608C7F82E0A}.Release|ARM.Build.0 = Release|ARM
		{C32B95C9-65AD-42DA-BE2D-5608C7F82E0A}.Release|ARM.Deploy.0 = Release|ARM
		{C32B95C9-65AD-42DA-BE2D-5608C7F82E0A}.Release|x64.ActiveCfg = Release|x64
		{C32B95C9-65AD-42DA-BE2D-5608C7F82E0A}.Release|x64.Build.0 = Release|x64
		{C32B95C9-65AD-42DA-BE2D-5608C7F82E0A}.Release|x64.Deploy.0 = Release|x64
		{C32B95C9-65AD-42DA-BE2D-5608C7F82E0A}.Release|x86.ActiveCfg = Release|x86
		{C32B95C9-65AD-42DA-BE2D-5608C7F82E0A}.Release|x86.Build.0 = Release|x86
		{C32B95C9-65AD-42DA-BE2D-5608C7F82E0A}.Release|x86.Deploy.0 = Release|x86
	EndGlobalSection
	GlobalSection(SolutionProperties) = preSolution
		HideSolutionNode = FALSE
	EndGlobalSection
EndGlobal
